
Microsoft Visual Studio Solution File, Format Version 12.00
# Visual Studio Version 16
VisualStudioVersion = 16.0.29926.136
MinimumVisualStudioVersion = 10.0.40219.1
Project("{FAE04EC0-301F-11D3-BF4B-00C04F79EFBC}") = "ExchangeCrawler_NETCore", "ExchangeCrawler_NETCore\ExchangeCrawler_NETCore.csproj", "{EC94ECBE-6787-421A-9238-384D925BC37F}"
EndProject
Project("{FAE04EC0-301F-11D3-BF4B-00C04F79EFBC}") = "Authentication", "Authentication\Authentication.csproj", "{4D635AAC-D7E8-4A99-AF80-F981D108D456}"
EndProject
Global
	GlobalSection(SolutionConfigurationPlatforms) = preSolution
		Debug|Any CPU = Debug|Any CPU
		Release|Any CPU = Release|Any CPU
	EndGlobalSection
	GlobalSection(ProjectConfigurationPlatforms) = postSolution
		{EC94ECBE-6787-421A-9238-384D925BC37F}.Debug|Any CPU.ActiveCfg = Debug|Any CPU
		{EC94ECBE-6787-421A-9238-384D925BC37F}.Debug|Any CPU.Build.0 = Debug|Any CPU
		{EC94ECBE-6787-421A-9238-384D925BC37F}.Release|Any CPU.ActiveCfg = Release|Any CPU
		{EC94ECBE-6787-421A-9238-384D925BC37F}.Release|Any CPU.Build.0 = Release|Any CPU
		{4D635AAC-D7E8-4A99-AF80-F981D108D456}.Debug|Any CPU.ActiveCfg = Debug|Any CPU
		{4D635AAC-D7E8-4A99-AF80-F981D108D456}.Debug|Any CPU.Build.0 = Debug|Any CPU
		{4D635AAC-D7E8-4A99-AF80-F981D108D456}.Release|Any CPU.ActiveCfg = Release|Any CPU
		{4D635AAC-D7E8-4A99-AF80-F981D108D456}.Release|Any CPU.Build.0 = Release|Any CPU
	EndGlobalSection
	GlobalSection(SolutionProperties) = preSolution
		HideSolutionNode = FALSE
	EndGlobalSection
	GlobalSection(ExtensibilityGlobals) = postSolution
		SolutionGuid = {46782B89-DDB7-4406-9C56-31BBA096BA38}
	EndGlobalSection
EndGlobal
